<?xml version="1.0" encoding="utf-8"?>
<Project ToolsVersion="4.0" xmlns="http://schemas.microsoft.com/developer/msbuild/2003">
  <ItemGroup>
    <Filter Include="Manager">
      <UniqueIdentifier>{1c3b5869-d3d4-4d5f-8a74-0d40f5ef6a65}</UniqueIdentifier>
    </Filter>
    <Filter Include="Object">
      <UniqueIdentifier>{97549647-db85-4e79-ad09-76654bc616aa}</UniqueIdentifier>
    </Filter>
    <Filter Include="World">
      <UniqueIdentifier>{746871f6-0af4-470e-a6e1-31e194f74876}</UniqueIdentifier>
    </Filter>
    <Filter Include="Resource">
      <UniqueIdentifier>{f40e8a59-2a1b-4840-a0b4-530ad04ed09f}</UniqueIdentifier>
    </Filter>
    <Filter Include="Component">
      <UniqueIdentifier>{8e2500b5-4917-40e0-973c-427061a9871c}</UniqueIdentifier>
    </Filter>
    <Filter Include="Component\SceneComponent">
      <UniqueIdentifier>{d9b4151a-ab72-460d-9180-86ba0762e5f6}</UniqueIdentifier>
    </Filter>
    <Filter Include="Component\SceneComponent\RenderComponent">
      <UniqueIdentifier>{5d8c5731-a017-47fd-9ddc-00a430b981f9}</UniqueIdentifier>
    </Filter>
    <Filter Include="Component\SceneComponent\RenderComponent\Animation">
      <UniqueIdentifier>{c1d05416-f5ec-4369-bdfb-152fb8dab43e}</UniqueIdentifier>
    </Filter>
    <Filter Include="Component\SceneComponent\RenderComponent\SphereComponent">
      <UniqueIdentifier>{c85004a7-4f26-4e0b-8930-4b8486ad7924}</UniqueIdentifier>
    </Filter>
    <Filter Include="Component\SceneComponent\RenderComponent\TextComponent">
      <UniqueIdentifier>{e947a507-c7ea-4526-922f-c3cf9c9d8335}</UniqueIdentifier>
    </Filter>
    <Filter Include="Component\SceneComponent\RenderComponent\BoxComponent">
      <UniqueIdentifier>{d3d4a137-2de2-4450-b143-beccc0e5814f}</UniqueIdentifier>
    </Filter>
    <Filter Include="Component\SceneComponent\RenderComponent\BitmapComponent">
      <UniqueIdentifier>{218f014e-6011-46b1-b85c-9eeb532c5110}</UniqueIdentifier>
    </Filter>
    <Filter Include="Component\SceneComponent\CameraComponent">
      <UniqueIdentifier>{e421d4da-4deb-451c-a666-4783c8789dd1}</UniqueIdentifier>
    </Filter>
    <Filter Include="Object\SunObject">
      <UniqueIdentifier>{d7d55022-ef46-498b-9c65-362f80acb89f}</UniqueIdentifier>
    </Filter>
    <Filter Include="Object\TextObject">
      <UniqueIdentifier>{98b122fb-7496-407e-b0d1-26492fce0b4d}</UniqueIdentifier>
    </Filter>
    <Filter Include="Object\BoxObject">
      <UniqueIdentifier>{3c6899ce-58d8-4846-818f-ab29382dda67}</UniqueIdentifier>
    </Filter>
    <Filter Include="Defalut">
      <UniqueIdentifier>{3a59e174-2222-4085-a7f5-b7f87213f095}</UniqueIdentifier>
    </Filter>
    <Filter Include="App">
      <UniqueIdentifier>{2f551926-04ba-48a8-8f26-305fceb1fb0c}</UniqueIdentifier>
    </Filter>
    <Filter Include="App\Renderer">
      <UniqueIdentifier>{cd83fe13-ea0d-4dc3-acb0-0ed8f3e0dc66}</UniqueIdentifier>
    </Filter>
    <Filter Include="Component\SceneComponent\OBBCollision">
      <UniqueIdentifier>{98c38342-c782-49be-a5da-a2fa9e426802}</UniqueIdentifier>
    </Filter>
  </ItemGroup>
  <ItemGroup>
    <ClInclude Include="KeyManager.h">
      <Filter>Manager</Filter>
    </ClInclude>
    <ClInclude Include="TimeManager.h">
      <Filter>Manager</Filter>
    </ClInclude>
    <ClInclude Include="AnimationInstance.h">
      <Filter>Component\SceneComponent\RenderComponent\Animation</Filter>
    </ClInclude>
    <ClInclude Include="PathManager.h">
      <Filter>Manager</Filter>
    </ClInclude>
    <ClInclude Include="GameObject.h">
      <Filter>Object</Filter>
    </ClInclude>
    <ClInclude Include="Component.h">
      <Filter>Component</Filter>
    </ClInclude>
    <ClInclude Include="World.h">
      <Filter>World</Filter>
    </ClInclude>
    <ClInclude Include="AnimationComponent.h">
      <Filter>Component\SceneComponent\RenderComponent\Animation</Filter>
    </ClInclude>
    <ClInclude Include="SphereComponent.h">
      <Filter>Component\SceneComponent\RenderComponent\SphereComponent</Filter>
    </ClInclude>
    <ClInclude Include="TextComponent.h">
      <Filter>Component\SceneComponent\RenderComponent\TextComponent</Filter>
    </ClInclude>
    <ClInclude Include="BoxComponent.h">
      <Filter>Component\SceneComponent\RenderComponent\BoxComponent</Filter>
    </ClInclude>
    <ClInclude Include="SceneComponent.h">
      <Filter>Component\SceneComponent</Filter>
    </ClInclude>
    <ClInclude Include="ResourceManager.h">
      <Filter>Manager</Filter>
    </ClInclude>
    <ClInclude Include="AnimationAsset.h">
      <Filter>Resource</Filter>
    </ClInclude>
    <ClInclude Include="CameraManager.h">
      <Filter>Manager</Filter>
    </ClInclude>
    <ClInclude Include="BitmapComponent.h">
      <Filter>Component\SceneComponent\RenderComponent\BitmapComponent</Filter>
    </ClInclude>
    <ClInclude Include="CameraComponent.h">
      <Filter>Component\SceneComponent\CameraComponent</Filter>
    </ClInclude>
    <ClInclude Include="SunObject.h">
      <Filter>Object\SunObject</Filter>
    </ClInclude>
    <ClInclude Include="TextObject.h">
      <Filter>Object\TextObject</Filter>
    </ClInclude>
    <ClInclude Include="BoxObject.h">
      <Filter>Object\BoxObject</Filter>
    </ClInclude>
    <ClInclude Include="RenderComponent.h">
      <Filter>Component\SceneComponent\RenderComponent</Filter>
    </ClInclude>
    <ClInclude Include="GameApp.h">
      <Filter>App</Filter>
    </ClInclude>
    <ClInclude Include="D2DRenderer.h">
      <Filter>App\Renderer</Filter>
    </ClInclude>
    <ClInclude Include="framework.h">
      <Filter>Defalut</Filter>
    </ClInclude>
    <ClInclude Include="pch.h">
      <Filter>Defalut</Filter>
    </ClInclude>
    <ClInclude Include="ReferenceCounter.h">
      <Filter>Defalut</Filter>
    </ClInclude>
    <ClInclude Include="OBBCollision.h">
      <Filter>Component\SceneComponent\OBBCollision</Filter>
    </ClInclude>
  </ItemGroup>
  <ItemGroup>
    <ClCompile Include="KeyManager.cpp">
      <Filter>Manager</Filter>
    </ClCompile>
    <ClCompile Include="TimeManager.cpp">
      <Filter>Manager</Filter>
    </ClCompile>
    <ClCompile Include="AnimationInstance.cpp">
      <Filter>Component\SceneComponent\RenderComponent\Animation</Filter>
    </ClCompile>
    <ClCompile Include="PathManager.cpp">
      <Filter>Manager</Filter>
    </ClCompile>
    <ClCompile Include="GameObject.cpp">
      <Filter>Object</Filter>
    </ClCompile>
    <ClCompile Include="Component.cpp">
      <Filter>Component</Filter>
    </ClCompile>
    <ClCompile Include="World.cpp">
      <Filter>World</Filter>
    </ClCompile>
    <ClCompile Include="AnimationComponent.cpp">
      <Filter>Component\SceneComponent\RenderComponent\Animation</Filter>
    </ClCompile>
    <ClCompile Include="TextComponent.cpp">
      <Filter>Component\SceneComponent\RenderComponent\TextComponent</Filter>
    </ClCompile>
    <ClCompile Include="SphereComponent.cpp">
      <Filter>Component\SceneComponent\RenderComponent\SphereComponent</Filter>
    </ClCompile>
    <ClCompile Include="BoxComponent.cpp">
      <Filter>Component\SceneComponent\RenderComponent\BoxComponent</Filter>
    </ClCompile>
    <ClCompile Include="ResourceManager.cpp">
      <Filter>Manager</Filter>
    </ClCompile>
    <ClCompile Include="AnimationAsset.cpp">
      <Filter>Resource</Filter>
    </ClCompile>
    <ClCompile Include="CameraManager.cpp">
      <Filter>Manager</Filter>
    </ClCompile>
    <ClCompile Include="BitmapComponent.cpp">
      <Filter>Component\SceneComponent\RenderComponent\BitmapComponent</Filter>
    </ClCompile>
    <ClCompile Include="SceneComponent.cpp">
      <Filter>Component\SceneComponent</Filter>
    </ClCompile>
    <ClCompile Include="CameraComponent.cpp">
      <Filter>Component\SceneComponent\CameraComponent</Filter>
    </ClCompile>
    <ClCompile Include="SunObject.cpp">
      <Filter>Object\SunObject</Filter>
    </ClCompile>
    <ClCompile Include="TextObject.cpp">
      <Filter>Object\TextObject</Filter>
    </ClCompile>
    <ClCompile Include="BoxObject.cpp">
      <Filter>Object\BoxObject</Filter>
    </ClCompile>
    <ClCompile Include="RenderComponent.cpp">
      <Filter>Component\SceneComponent\RenderComponent</Filter>
    </ClCompile>
    <ClCompile Include="GameApp.cpp">
      <Filter>App</Filter>
    </ClCompile>
    <ClCompile Include="D2DRenderer.cpp">
      <Filter>App\Renderer</Filter>
    </ClCompile>
    <ClCompile Include="pch.cpp">
      <Filter>Defalut</Filter>
    </ClCompile>
    <ClCompile Include="ReferenceCounter.cpp">
      <Filter>Defalut</Filter>
    </ClCompile>
    <ClCompile Include="OBBCollision.cpp">
      <Filter>Component\SceneComponent\OBBCollision</Filter>
    </ClCompile>
  </ItemGroup>
</Project>